
Microsoft Visual Studio Solution File, Format Version 12.00
# Visual Studio Version 17
VisualStudioVersion = 17.5.002.0
MinimumVisualStudioVersion = 10.0.40219.1
Project("{2150E333-8FDC-42A3-9474-1A3956D46DE8}") = "Programs", "Programs", "{FABFBC63-ECFA-40FC-BA6F-8F7BCB87A240}"
EndProject
Project("{2150E333-8FDC-42A3-9474-1A3956D46DE8}") = "Games", "Games", "{FCDE915C-6A0B-4D7E-8B69-D817852913BE}"
EndProject
Project("{9A19103F-16F7-4668-BE54-9A1E7A4F7556}") = "02. Midnight Pizza Fight", "Programs\Games\02. Midnight Pizza Fight\02. Midnight Pizza Fight.csproj", "{3246853F-9094-450F-A7D6-D3808995C022}"
EndProject
Project("{2150E333-8FDC-42A3-9474-1A3956D46DE8}") = "03. C# Begineer", "03. C# Begineer", "{AF2C72B5-DA14-4433-B855-8D08FD645842}"
EndProject
Project("{2150E333-8FDC-42A3-9474-1A3956D46DE8}") = "02. Beginning with C#", "02. Beginning with C#", "{5114E30E-60EC-4942-942E-D641651A1B16}"
EndProject
Project("{9A19103F-16F7-4668-BE54-9A1E7A4F7556}") = "02. Beginning with C#", "Programs\03. C# Begineer\02. Beginning with C#\Assignment-1\02. Beginning with C#.csproj", "{06843206-576B-47B0-981B-547DD31B8164}"
EndProject
Project("{2150E333-8FDC-42A3-9474-1A3956D46DE8}") = "03. Lore of Midnight Pizza Fight", "03. Lore of Midnight Pizza Fight", "{FF470170-0164-4B42-B446-8B3C20C52223}"
EndProject
Project("{9A19103F-16F7-4668-BE54-9A1E7A4F7556}") = "03. Lore of Midnight Pizza Fight", "Programs\03. C# Begineer\03. Lore of Midnight Pizza Fight\Assignment-1\03. Lore of Midnight Pizza Fight.csproj", "{21DAC4D6-1BCE-416B-8061-0B8694E4EE3F}"
EndProject
Project("{2150E333-8FDC-42A3-9474-1A3956D46DE8}") = "04. Creating the Characters", "04. Creating the Characters", "{1614ED09-532E-4E58-BCF5-7CF038E22125}"
EndProject
Project("{9A19103F-16F7-4668-BE54-9A1E7A4F7556}") = "Assignment-1", "Programs\03. C# Begineer\04. Creating the Characters\Assignment-1\Assignment-1.csproj", "{1DA163E0-622A-4925-AEA7-95D1B04B007A}"
EndProject
Project("{9A19103F-16F7-4668-BE54-9A1E7A4F7556}") = "Assignment-2", "Programs\03. C# Begineer\04. Creating the Characters\Assignment-2\Assignment-2.csproj", "{4F01D95F-D377-492C-9815-75A09BB78A99}"
EndProject
Project("{2150E333-8FDC-42A3-9474-1A3956D46DE8}") = "05. Understanding Game Flow", "05. Understanding Game Flow", "{8F782F5C-274B-4565-9969-0A15E65F448E}"
EndProject
Project("{9A19103F-16F7-4668-BE54-9A1E7A4F7556}") = "Assignment-1", "Programs\03. C# Begineer\05. Understanding Game Flow\Assignment-1\Assignment-1.csproj", "{33E1F06E-5DDD-4F1C-B492-BB86BD845195}"
EndProject
Project("{9A19103F-16F7-4668-BE54-9A1E7A4F7556}") = "Assignment-2", "Programs\03. C# Begineer\05. Understanding Game Flow\Assignment-2\Assignment-2.csproj", "{F7B3CAFF-C62C-4B61-AEED-3EA5F55CE8DD}"
EndProject
Project("{2150E333-8FDC-42A3-9474-1A3956D46DE8}") = "06. Battle Mechanics", "06. Battle Mechanics", "{45C0D3DE-C4D2-4133-9364-D0F4028C2C0E}"
EndProject
Project("{9A19103F-16F7-4668-BE54-9A1E7A4F7556}") = "Assignment-1", "Programs\03. C# Begineer\06. Battle Mechanics\Assignment-1\Assignment-1.csproj", "{106D8861-8001-49AB-B628-8472279ACEEC}"
EndProject
Project("{9A19103F-16F7-4668-BE54-9A1E7A4F7556}") = "Assignment-2", "Programs\03. C# Begineer\06. Battle Mechanics\Assignment-2\Assignment-2.csproj", "{DD20A088-34BE-44DC-A687-E09975ADBF32}"
EndProject
Project("{2150E333-8FDC-42A3-9474-1A3956D46DE8}") = "07. Going Into Battle!!", "07. Going Into Battle!!", "{FC733148-A821-403A-838D-0C2BDDD36AFA}"
EndProject
Project("{9A19103F-16F7-4668-BE54-9A1E7A4F7556}") = "Assignment-1", "Programs\03. C# Begineer\07. Going Into Battle!!\Assignment-1\Assignment-1.csproj", "{729E8313-D205-44FC-A5BC-31380616C52D}"
EndProject
Project("{2150E333-8FDC-42A3-9474-1A3956D46DE8}") = "08. Creating Game Loop", "08. Creating Game Loop", "{6184A5CA-8DAF-4426-BB35-2829A02F040F}"
EndProject
Project("{9A19103F-16F7-4668-BE54-9A1E7A4F7556}") = "Assignment-1", "Programs\03. C# Begineer\08. Creating Game Loop\Assignment-1\Assignment-1.csproj", "{D2477ECF-A34D-4072-9C54-F73154A7971E}"
EndProject
Global
	GlobalSection(SolutionConfigurationPlatforms) = preSolution
		Debug|Any CPU = Debug|Any CPU
		Release|Any CPU = Release|Any CPU
	EndGlobalSection
	GlobalSection(ProjectConfigurationPlatforms) = postSolution
		{3246853F-9094-450F-A7D6-D3808995C022}.Debug|Any CPU.ActiveCfg = Debug|Any CPU
		{3246853F-9094-450F-A7D6-D3808995C022}.Debug|Any CPU.Build.0 = Debug|Any CPU
		{3246853F-9094-450F-A7D6-D3808995C022}.Release|Any CPU.ActiveCfg = Release|Any CPU
		{3246853F-9094-450F-A7D6-D3808995C022}.Release|Any CPU.Build.0 = Release|Any CPU
		{06843206-576B-47B0-981B-547DD31B8164}.Debug|Any CPU.ActiveCfg = Debug|Any CPU
		{06843206-576B-47B0-981B-547DD31B8164}.Debug|Any CPU.Build.0 = Debug|Any CPU
		{06843206-576B-47B0-981B-547DD31B8164}.Release|Any CPU.ActiveCfg = Release|Any CPU
		{06843206-576B-47B0-981B-547DD31B8164}.Release|Any CPU.Build.0 = Release|Any CPU
		{21DAC4D6-1BCE-416B-8061-0B8694E4EE3F}.Debug|Any CPU.ActiveCfg = Debug|Any CPU
		{21DAC4D6-1BCE-416B-8061-0B8694E4EE3F}.Debug|Any CPU.Build.0 = Debug|Any CPU
		{21DAC4D6-1BCE-416B-8061-0B8694E4EE3F}.Release|Any CPU.ActiveCfg = Release|Any CPU
		{21DAC4D6-1BCE-416B-8061-0B8694E4EE3F}.Release|Any CPU.Build.0 = Release|Any CPU
		{1DA163E0-622A-4925-AEA7-95D1B04B007A}.Debug|Any CPU.ActiveCfg = Debug|Any CPU
		{1DA163E0-622A-4925-AEA7-95D1B04B007A}.Debug|Any CPU.Build.0 = Debug|Any CPU
		{1DA163E0-622A-4925-AEA7-95D1B04B007A}.Release|Any CPU.ActiveCfg = Release|Any CPU
		{1DA163E0-622A-4925-AEA7-95D1B04B007A}.Release|Any CPU.Build.0 = Release|Any CPU
		{4F01D95F-D377-492C-9815-75A09BB78A99}.Debug|Any CPU.ActiveCfg = Debug|Any CPU
		{4F01D95F-D377-492C-9815-75A09BB78A99}.Debug|Any CPU.Build.0 = Debug|Any CPU
		{4F01D95F-D377-492C-9815-75A09BB78A99}.Release|Any CPU.ActiveCfg = Release|Any CPU
		{4F01D95F-D377-492C-9815-75A09BB78A99}.Release|Any CPU.Build.0 = Release|Any CPU
		{33E1F06E-5DDD-4F1C-B492-BB86BD845195}.Debug|Any CPU.ActiveCfg = Debug|Any CPU
		{33E1F06E-5DDD-4F1C-B492-BB86BD845195}.Debug|Any CPU.Build.0 = Debug|Any CPU
		{33E1F06E-5DDD-4F1C-B492-BB86BD845195}.Release|Any CPU.ActiveCfg = Release|Any CPU
		{33E1F06E-5DDD-4F1C-B492-BB86BD845195}.Release|Any CPU.Build.0 = Release|Any CPU
		{F7B3CAFF-C62C-4B61-AEED-3EA5F55CE8DD}.Debug|Any CPU.ActiveCfg = Debug|Any CPU
		{F7B3CAFF-C62C-4B61-AEED-3EA5F55CE8DD}.Debug|Any CPU.Build.0 = Debug|Any CPU
		{F7B3CAFF-C62C-4B61-AEED-3EA5F55CE8DD}.Release|Any CPU.ActiveCfg = Release|Any CPU
		{F7B3CAFF-C62C-4B61-AEED-3EA5F55CE8DD}.Release|Any CPU.Build.0 = Release|Any CPU
		{106D8861-8001-49AB-B628-8472279ACEEC}.Debug|Any CPU.ActiveCfg = Debug|Any CPU
		{106D8861-8001-49AB-B628-8472279ACEEC}.Debug|Any CPU.Build.0 = Debug|Any CPU
		{106D8861-8001-49AB-B628-8472279ACEEC}.Release|Any CPU.ActiveCfg = Release|Any CPU
		{106D8861-8001-49AB-B628-8472279ACEEC}.Release|Any CPU.Build.0 = Release|Any CPU
		{DD20A088-34BE-44DC-A687-E09975ADBF32}.Debug|Any CPU.ActiveCfg = Debug|Any CPU
		{DD20A088-34BE-44DC-A687-E09975ADBF32}.Debug|Any CPU.Build.0 = Debug|Any CPU
		{DD20A088-34BE-44DC-A687-E09975ADBF32}.Release|Any CPU.ActiveCfg = Release|Any CPU
		{DD20A088-34BE-44DC-A687-E09975ADBF32}.Release|Any CPU.Build.0 = Release|Any CPU
		{729E8313-D205-44FC-A5BC-31380616C52D}.Debug|Any CPU.ActiveCfg = Debug|Any CPU
		{729E8313-D205-44FC-A5BC-31380616C52D}.Debug|Any CPU.Build.0 = Debug|Any CPU
		{729E8313-D205-44FC-A5BC-31380616C52D}.Release|Any CPU.ActiveCfg = Release|Any CPU
		{729E8313-D205-44FC-A5BC-31380616C52D}.Release|Any CPU.Build.0 = Release|Any CPU
		{D2477ECF-A34D-4072-9C54-F73154A7971E}.Debug|Any CPU.ActiveCfg = Debug|Any CPU
		{D2477ECF-A34D-4072-9C54-F73154A7971E}.Debug|Any CPU.Build.0 = Debug|Any CPU
		{D2477ECF-A34D-4072-9C54-F73154A7971E}.Release|Any CPU.ActiveCfg = Release|Any CPU
		{D2477ECF-A34D-4072-9C54-F73154A7971E}.Release|Any CPU.Build.0 = Release|Any CPU
	EndGlobalSection
	GlobalSection(SolutionProperties) = preSolution
		HideSolutionNode = FALSE
	EndGlobalSection
	GlobalSection(NestedProjects) = preSolution
		{FCDE915C-6A0B-4D7E-8B69-D817852913BE} = {FABFBC63-ECFA-40FC-BA6F-8F7BCB87A240}
		{3246853F-9094-450F-A7D6-D3808995C022} = {FCDE915C-6A0B-4D7E-8B69-D817852913BE}
		{AF2C72B5-DA14-4433-B855-8D08FD645842} = {FABFBC63-ECFA-40FC-BA6F-8F7BCB87A240}
		{5114E30E-60EC-4942-942E-D641651A1B16} = {AF2C72B5-DA14-4433-B855-8D08FD645842}
		{06843206-576B-47B0-981B-547DD31B8164} = {5114E30E-60EC-4942-942E-D641651A1B16}
		{FF470170-0164-4B42-B446-8B3C20C52223} = {AF2C72B5-DA14-4433-B855-8D08FD645842}
		{21DAC4D6-1BCE-416B-8061-0B8694E4EE3F} = {FF470170-0164-4B42-B446-8B3C20C52223}
		{1614ED09-532E-4E58-BCF5-7CF038E22125} = {AF2C72B5-DA14-4433-B855-8D08FD645842}
		{1DA163E0-622A-4925-AEA7-95D1B04B007A} = {1614ED09-532E-4E58-BCF5-7CF038E22125}
		{4F01D95F-D377-492C-9815-75A09BB78A99} = {1614ED09-532E-4E58-BCF5-7CF038E22125}
		{8F782F5C-274B-4565-9969-0A15E65F448E} = {AF2C72B5-DA14-4433-B855-8D08FD645842}
		{33E1F06E-5DDD-4F1C-B492-BB86BD845195} = {8F782F5C-274B-4565-9969-0A15E65F448E}
		{F7B3CAFF-C62C-4B61-AEED-3EA5F55CE8DD} = {8F782F5C-274B-4565-9969-0A15E65F448E}
		{45C0D3DE-C4D2-4133-9364-D0F4028C2C0E} = {AF2C72B5-DA14-4433-B855-8D08FD645842}
		{106D8861-8001-49AB-B628-8472279ACEEC} = {45C0D3DE-C4D2-4133-9364-D0F4028C2C0E}
		{DD20A088-34BE-44DC-A687-E09975ADBF32} = {45C0D3DE-C4D2-4133-9364-D0F4028C2C0E}
		{FC733148-A821-403A-838D-0C2BDDD36AFA} = {AF2C72B5-DA14-4433-B855-8D08FD645842}
		{729E8313-D205-44FC-A5BC-31380616C52D} = {FC733148-A821-403A-838D-0C2BDDD36AFA}
		{6184A5CA-8DAF-4426-BB35-2829A02F040F} = {AF2C72B5-DA14-4433-B855-8D08FD645842}
		{D2477ECF-A34D-4072-9C54-F73154A7971E} = {6184A5CA-8DAF-4426-BB35-2829A02F040F}
	EndGlobalSection
	GlobalSection(ExtensibilityGlobals) = postSolution
		SolutionGuid = {2F325F18-36BD-4A66-AEFB-C39199F84902}
	EndGlobalSection
EndGlobal
